version = 1
revision = 3
requires-python = ">=3.13"

[[package]]
name = "amazon-kinesis-video-streams-consumer-library-for-python"
version = "0.1.0"
source = { virtual = "." }
dependencies = [
    { name = "av" },
    { name = "boto3" },
    { name = "ebmlite" },
    { name = "opencv-python" },
]

[package.metadata]
requires-dist = [
    { name = "av", specifier = ">=17.1.0" },
    { name = "boto3", specifier = ">=1.43.28" },
    { name = "ebmlite", specifier = ">=3.4.1" },
    { name = "opencv-python", specifier = ">=4.13.0.92" },
]

[[package]]
name = "av"
version = "17.1.0"
source = { registry = "https://pypi.org/simple" }
sdist = { url = "https://files.pythonhosted.org/packages/5e/e3/477fa20578c284abeda08d91b63ee9abaebc93445d8feeb989d3d444bae1/av-17.1.0.tar.gz", hash = "sha256:7f1e71ff621b66253333926f948e00faae11d855b2442133c65128bca64cdeb3", size = 4288546, upload-time = "2026-06-07T05:52:55.999Z" }
wheels = [
    { url = "https://files.pythonhosted.org/packages/ec/87/8036b5c781bc3639ea04ef42d4e26da253bd4bd4311d8705b6a1c8824047/av-17.1.0-cp311-abi3-macosx_11_0_x86_64.whl", hash = "sha256:ad7b4aa011093324b7118245f50ac6db244cfe9900d4072508a5245a2b0d3f41", size = 22460847, upload-time = "2026-06-07T05:52:04.261Z" },
    { url = "https://files.pythonhosted.org/packages/6d/af/dfdf6fc7b17814b50d0aa9e7a7e37b87be91be3890f44b0d525433cd1fd1/av-17.1.0-cp311-abi3-macosx_14_0_arm64.whl", hash = "sha256:43ebbe977f19a7f2d2bd1a4e119675a0b15e05852cf7309846b6ab922ba7ffe9", size = 18159115, upload-time = "2026-06-07T05:52:06.64Z" },
    { url = "https://files.pythonhosted.org/packages/ad/13/64f6c466471cea225b8b2f4cdc51a571f8a286984b55a08d169b932fda5d/av-17.1.0-cp311-abi3-manylinux_2_28_aarch64.whl", hash = "sha256:6a20658ec7d96a70e14b1196eff00b7cdd8831ac3b99868e16b8ba8b24090847", size = 33224427, upload-time = "2026-06-07T05:52:09.165Z" },
    { url = "https://files.pythonhosted.org/packages/77/43/96b35170bf2e64e00a41748c6400ff73232dc0fc62ded283679fb07c7fe0/av-17.1.0-cp311-abi3-manylinux_2_28_x86_64.whl", hash = "sha256:f9a65d1f48b818323fb411e80358f89d77dec340b01d27c6b2dfbb9cbf4b779f", size = 35370183, upload-time = "2026-06-07T05:52:11.959Z" },
    { url = "https://files.pythonhosted.org/packages/2e/b3/8e8b4b6498731bfbd88e8399a756543f8088f1bd33d08eab678b5aebe728/av-17.1.0-cp311-abi3-manylinux_2_31_armv7l.whl", hash = "sha256:58f7593726437cda5bd19793027e027768450b5c4a594777bf487798a33db702", size = 24459265, upload-time = "2026-06-07T05:52:14.66Z" },
    { url = "https://files.pythonhosted.org/packages/14/ac/ceb84b7553db21f1143d817245c560d9267168e1e58b1a8eeae2b62c4d04/av-17.1.0-cp311-abi3-musllinux_1_2_aarch64.whl", hash = "sha256:bbab058bd965309f39962e53caac8126987c68c0be094fc4f9427e5615b0218f", size = 34283709, upload-time = "2026-06-07T05:52:17.389Z" },
    { url = "https://files.pythonhosted.org/packages/59/f9/4115fd84148c9a1cf365096694be6ac882fd3cd3cdb7a2f35e71fecf1631/av-17.1.0-cp311-abi3-musllinux_1_2_armv7l.whl", hash = "sha256:9514cfda85180554c430695282faf4be3ffdf95775d8519733821244eecb58e0", size = 25397573, upload-time = "2026-06-07T05:52:20.012Z" },
    { url = "https://files.pythonhosted.org/packages/e2/ac/92e52d5ed0e0b84d9d93e52b4338c2713d8a44082b8696e6516fdae7c4e4/av-17.1.0-cp311-abi3-musllinux_1_2_x86_64.whl", hash = "sha256:e1c90f85cd7431ede95b11e8e711571a896ebea433f298849c2c0f1594c8d86e", size = 36451495, upload-time = "2026-06-07T05:52:22.581Z" },
    { url = "https://files.pythonhosted.org/packages/6b/f2/53a7cd34adb6a971d7e6d99663e74db286966c9db8afdca17472fdf0f98e/av-17.1.0-cp311-abi3-win_amd64.whl", hash = "sha256:5df5c1172ef1cf65a1529d612f7da7798ce2cf82c1ff7212466b538a6cc7214c", size = 28036393, upload-time = "2026-06-07T05:52:25.657Z" },
    { url = "https://files.pythonhosted.org/packages/66/47/cd9ae0edf2206351c1251bb94b5ec58728e42c5f6ee16c03c412f3a1bb3e/av-17.1.0-cp311-abi3-win_arm64.whl", hash = "sha256:ee98534242a74da847af78624779ac5a3177dc7c69f956a4da9e6f0fdb37d7f6", size = 21174601, upload-time = "2026-06-07T05:52:28.077Z" },
    { url = "https://files.pythonhosted.org/packages/36/90/b5668cddb3c401fcf22553bc495d5b0c6d8a01d118624b26f0db1d0b8653/av-17.1.0-cp314-cp314t-macosx_11_0_x86_64.whl", hash = "sha256:5327807c1219293803ef0c5d1578ff3ae1cf638c09e5998962026e1a554ec240", size = 22699499, upload-time = "2026-06-07T05:52:30.335Z" },
    { url = "https://files.pythonhosted.org/packages/e0/7e/7be6bfddb823d045ff9fd5d4deb922ee3847605e162c3882e6c45b4c35ff/av-17.1.0-cp314-cp314t-macosx_14_0_arm64.whl", hash = "sha256:6c9b71fe5c0c5a8d303b1588d4d8ce9397d6b023f467cfef95000ba1f75507fa", size = 18366696, upload-time = "2026-06-07T05:52:32.645Z" },
    { url = "https://files.pythonhosted.org/packages/a2/23/391dcfa75c1ae1977efca44b753a11b929399b558826670c16a8808dd0e3/av-17.1.0-cp314-cp314t-manylinux_2_28_aarch64.whl", hash = "sha256:f997e3351bdf51127c07a74e21741a2996e9230cbeb2d81c14acde761b116c9c", size = 36582649, upload-time = "2026-06-07T05:52:35.218Z" },
    { url = "https://files.pythonhosted.org/packages/fb/32/7312854868b318b9d1b1dcbd1bddb460aaaeac7d57f816e11efec3bef5b1/av-17.1.0-cp314-cp314t-manylinux_2_28_x86_64.whl", hash = "sha256:efe9b1397300b67b644ad220c89df4892a76f2debe70f16bae1749fa20526e63", size = 38479390, upload-time = "2026-06-07T05:52:37.968Z" },
    { url = "https://files.pythonhosted.org/packages/2a/72/af47f59b4458e81ca7d89f477698dbfb3d5a0cd8ae6c1e4441d01074af8a/av-17.1.0-cp314-cp314t-manylinux_2_31_armv7l.whl", hash = "sha256:fa64e1f1500d01c4a98e7a41dc1a9a35fb4dfe71f5de0389264ec1192200c76a", size = 27127432, upload-time = "2026-06-07T05:52:40.371Z" },
    { url = "https://files.pythonhosted.org/packages/88/85/c2e6861baf0f8c7d21c4ce811d4d424fedac915e3910d3570ce4377717dc/av-17.1.0-cp314-cp314t-musllinux_1_2_aarch64.whl", hash = "sha256:ffbd78d73d2c9bf31e9a007c992faec3991428b2941a3b085b84fb82e8c32d19", size = 37406592, upload-time = "2026-06-07T05:52:43.215Z" },
    { url = "https://files.pythonhosted.org/packages/ba/40/3cc13125aea976101c0858af99ac47257c0654411aa199b5d8e81eea7002/av-17.1.0-cp314-cp314t-musllinux_1_2_armv7l.whl", hash = "sha256:bff8896454b38fcb785a70e5ae0485d7021cb776303a5849393128a30b8f850b", size = 28336228, upload-time = "2026-06-07T05:52:46.134Z" },
    { url = "https://files.pythonhosted.org/packages/a2/38/c7d9c3e746209a1a695c13e3aa7d817229e84a85d0a84271f313d1befdd3/av-17.1.0-cp314-cp314t-musllinux_1_2_x86_64.whl", hash = "sha256:1284addf3c0dd939887a9722dc30df2241a97471ad52c3c507e31583ae22ff02", size = 39490680, upload-time = "2026-06-07T05:52:48.887Z" },
    { url = "https://files.pythonhosted.org/packages/a1/25/9d42da561b7b8f7dabdfaebba07b52977bee58c5c7e4285ac991abcfaa72/av-17.1.0-cp314-cp314t-win_amd64.whl", hash = "sha256:ec630be6321b04e317862f6082e84812bbd801e55a3c2298312e3fc8a0a4af4f", size = 28355673, upload-time = "2026-06-07T05:52:51.614Z" },
    { url = "https://files.pythonhosted.org/packages/a8/41/562a61d5a61fba3ffb273a115e249f1d8471b9515c59fcc38b4b9deda238/av-17.1.0-cp314-cp314t-win_arm64.whl", hash = "sha256:b41647e42884bf543b8e8d0a1dabd4d1b006c99183eb1a2d7afc5b01f73eeff4", size = 21324700, upload-time = "2026-06-07T05:52:53.972Z" },
]

[[package]]
name = "boto3"
version = "1.43.28"
source = { registry = "https://pypi.org/simple" }
dependencies = [
    { name = "botocore" },
    { name = "jmespath" },
    { name = "s3transfer" },
]
sdist = { url = "https://files.pythonhosted.org/packages/4e/f2/a976b2a81d8dc7ff675f4b614367a185727061130184a28da0f53f446b97/boto3-1.43.28.tar.gz", hash = "sha256:8391fdcc4d8e1d4e0bf96575a7e5610964a4d401dafa4dccb0a5bade8dd3fbb0", size = 113202, upload-time = "2026-06-11T19:29:01.464Z" }
wheels = [
    { url = "https://files.pythonhosted.org/packages/c3/a5/47db150ea6380f11569b87d3ad064e3c929e5abe227a549d472fab6f5f3a/boto3-1.43.28-py3-none-any.whl", hash = "sha256:4fe6df2163aea02b561eca0d685e2f41a059d71f03721a3e79c3b522e79a3b56", size = 140536, upload-time = "2026-06-11T19:29:00.143Z" },
]

[[package]]
name = "botocore"
version = "1.43.28"
source = { registry = "https://pypi.org/simple" }
dependencies = [
    { name = "jmespath" },
    { name = "python-dateutil" },
    { name = "urllib3" },
]
sdist = { url = "https://files.pythonhosted.org/packages/02/dc/1b01808003f88f8a328732c979f20cb0456791048b4440fc4abcae08c1a0/botocore-1.43.28.tar.gz", hash = "sha256:9bbad501a68e4ffdbeff76a382507f5d7827abc316f34a218ab76f5293e6c78d", size = 15503514, upload-time = "2026-06-11T19:28:50.989Z" }
wheels = [
    { url = "https://files.pythonhosted.org/packages/fa/8c/14916c353ce8a29d14cf6308c2bef842bbb25dde6defc620e26e28063331/botocore-1.43.28-py3-none-any.whl", hash = "sha256:8147adea89b4c9324e842cd8c01ea1a0e17c92cb6ebeaa8cb774f821cb5a7629", size = 15188401, upload-time = "2026-06-11T19:28:47.244Z" },
]

[[package]]
name = "ebmlite"
version = "3.4.1"
source = { registry = "https://pypi.org/simple" }
sdist = { url = "https://files.pythonhosted.org/packages/ea/ae/70f7b3e255c330ac64bc404d8305f2bf1b439bc14c1b18da72ff566a4f4a/ebmlite-3.4.1.tar.gz", hash = "sha256:428cc88014e7f3544dfd64f1e7a35b7636d11eaef944d27c5da9d203f1498316", size = 90832, upload-time = "2025-07-24T15:06:14.172Z" }
wheels = [
    { url = "https://files.pythonhosted.org/packages/57/06/41a15af1f9b4d3144fa4ee39d8e7b9b87a97ad3a04a6fa85c64788ca0af8/ebmlite-3.4.1-py3-none-any.whl", hash = "sha256:995765284e69d139fab34bbfb40e9e16a04116a95c7c9af368d90db7ca6b395c", size = 93430, upload-time = "2025-07-24T15:06:13.118Z" },
]

[[package]]
name = "jmespath"
version = "1.1.0"
source = { registry = "https://pypi.org/simple" }
sdist = { url = "https://files.pythonhosted.org/packages/d3/59/322338183ecda247fb5d1763a6cbe46eff7222eaeebafd9fa65d4bf5cb11/jmespath-1.1.0.tar.gz", hash = "sha256:472c87d80f36026ae83c6ddd0f1d05d4e510134ed462851fd5f754c8c3cbb88d", size = 27377, upload-time = "2026-01-22T16:35:26.279Z" }
wheels = [
    { url = "https://files.pythonhosted.org/packages/14/2f/967ba146e6d58cf6a652da73885f52fc68001525b4197effc174321d70b4/jmespath-1.1.0-py3-none-any.whl", hash = "sha256:a5663118de4908c91729bea0acadca56526eb2698e83de10cd116ae0f4e97c64", size = 20419, upload-time = "2026-01-22T16:35:24.919Z" },
]

[[package]]
name = "numpy"
version = "2.4.6"
source = { registry = "https://pypi.org/simple" }
sdist = { url = "https://files.pythonhosted.org/packages/d0/ad/fed0499ce6a338d2a03ebae59cd15093910c8875328855781952abf6c2fe/numpy-2.4.6.tar.gz", hash = "sha256:f3a3570c4a2a16746ac2c31a7c7c7b0c186b95ce902e33db6f28094ed7387dda", size = 20735807, upload-time = "2026-05-18T23:37:14.07Z" }
wheels = [
    { url = "https://files.pythonhosted.org/packages/fb/82/bdab26d7438c6791ca31b7c024ca37c1eab8b726ba236129005cd4a06e45/numpy-2.4.6-cp313-cp313-macosx_10_13_x86_64.whl", hash = "sha256:511dbaf848decaaaf4b4ca48032619fb3138710c4bf7da7617765edad1ef96b0", size = 16684648, upload-time = "2026-05-18T23:34:29.41Z" },
    { url = "https://files.pythonhosted.org/packages/1b/30/a80189bcc7f5e4258b3fbc3968d909d1756f54d023299ecc39ad6fdb9ef8/numpy-2.4.6-cp313-cp313-macosx_11_0_arm64.whl", hash = "sha256:bf162abab1c1a736333192707cef898e735a5ca00f38f27eeedf44b39d9e85eb", size = 14693902, upload-time = "2026-05-18T23:34:33.013Z" },
    { url = "https://files.pythonhosted.org/packages/97/12/70b5d0d7c15e1ebb8a6a84a8caa1d19e181d84fb58bb6d70aca29099dec1/numpy-2.4.6-cp313-cp313-macosx_14_0_arm64.whl", hash = "sha256:043191bfa8eab18c776647b62723ac9dddece59743b13f49b2016094129c2b3f", size = 5198992, upload-time = "2026-05-18T23:34:36.132Z" },
    { url = "https://files.pythonhosted.org/packages/ba/8c/ebd2a8f8a83541f8d38cc5667e8c2b69cecfd30da6e45693e8158857d44b/numpy-2.4.6-cp313-cp313-macosx_14_0_x86_64.whl", hash = "sha256:6180d8b35af935aed8ece3a85e0a43f87393ae0ac87c8d2c8bd2c993f7270ef3", size = 6546944, upload-time = "2026-05-18T23:34:38.484Z" },
    { url = "https://files.pythonhosted.org/packages/bb/c5/7b863a97a91671a0338f4253bd3b5a3d3852f0692dae91711c9f4a10e787/numpy-2.4.6-cp313-cp313-manylinux_2_27_aarch64.manylinux_2_28_aarch64.whl", hash = "sha256:72fbe16c6fac95aedf5937fa873445cec2110be35d8a4e9433d7501fd98dae6b", size = 15669392, upload-time = "2026-05-18T23:34:41.257Z" },
    { url = "https://files.pythonhosted.org/packages/a5/9d/3584b9984ca4c047aea75214ce1a4c4c73d849bd71b604264b7f5653f8a8/numpy-2.4.6-cp313-cp313-manylinux_2_27_x86_64.manylinux_2_28_x86_64.whl", hash = "sha256:a7830bab239b79cda9c08c2da014761cafb48da6150e1da17ac06283f43b6089", size = 16633220, upload-time = "2026-05-18T23:34:45.075Z" },
    { url = "https://files.pythonhosted.org/packages/05/ae/7c67fba23bd98caec7c99261f3a16072ade14813486b0282cb29846de832/numpy-2.4.6-cp313-cp313-musllinux_1_2_aarch64.whl", hash = "sha256:ef4aea96ce4d3b074422cb4f2f64e216bf9e213004bb58ecfdf50ea02ea8eb9a", size = 17020800, upload-time = "2026-05-18T23:34:49.065Z" },
    { url = "https://files.pythonhosted.org/packages/d9/5d/3b6725cb31d983c5e66916f5d36f6d7e5521129e4c4404d64f918292a5b6/numpy-2.4.6-cp313-cp313-musllinux_1_2_x86_64.whl", hash = "sha256:dfa20cc6ca228e6b155b11da03825975ce66aea520985dbbddf0f2a5a495c605", size = 18357600, upload-time = "2026-05-18T23:34:52.709Z" },
    { url = "https://files.pythonhosted.org/packages/f7/da/2ccc6c2fe8898dee01d90c75c5f5f914a23daf99e3e0f59516a08760c8b5/numpy-2.4.6-cp313-cp313-win32.whl", hash = "sha256:56b39e5e0622a09a25bf5baf62f4bcf0cb8a41ae6e2819cf49bbc5a74c083f91", size = 5961134, upload-time = "2026-05-18T23:34:55.618Z" },
    { url = "https://files.pythonhosted.org/packages/b5/cd/9cc4dc876fb065d5c220aae4d5e14826b2715331bb7618ce1fb07a679d99/numpy-2.4.6-cp313-cp313-win_amd64.whl", hash = "sha256:c4fc99836233ea196540b17ab0983aff60ed07941751930f5f4d05bc3b3b7359", size = 12318598, upload-time = "2026-05-18T23:34:58.928Z" },
    { url = "https://files.pythonhosted.org/packages/39/1e/c0bcba1f8694116485fe28fd1be698c278fcda4141c5b0e53a2aed8b12a8/numpy-2.4.6-cp313-cp313-win_arm64.whl", hash = "sha256:a7c711e21628b52034bb5ab8d1bce291f752fcc5e92accc615778acee1ff4778", size = 10222272, upload-time = "2026-05-18T23:35:02.167Z" },
    { url = "https://files.pythonhosted.org/packages/63/6d/cc5619247c8f4204e507f5883528372e4ac4bb189e579fb859a12e480b1f/numpy-2.4.6-cp313-cp313t-macosx_11_0_arm64.whl", hash = "sha256:112b06a867b235ef466ed3508ddf0238050df9c727cafb5301ac385b899189a1", size = 14821197, upload-time = "2026-05-18T23:35:05.468Z" },
    { url = "https://files.pythonhosted.org/packages/00/58/f1c39161c87d9e9bed660f1ed4bafc0e403d5ec9650b6dd77aead07d489b/numpy-2.4.6-cp313-cp313t-macosx_14_0_arm64.whl", hash = "sha256:eaf7fa2de5c0be8ae6ff8e9bea2ccd725e980541244521d8d4b5f3354a27babe", size = 5326287, upload-time = "2026-05-18T23:35:08.693Z" },
    { url = "https://files.pythonhosted.org/packages/af/57/3917ab0fd97f271a8694513581b8a36c655f111c446852c302f04ccdb6fc/numpy-2.4.6-cp313-cp313t-macosx_14_0_x86_64.whl", hash = "sha256:7265a2f3d436e54ef9f2b52b5c937e6be778781bd97a590319d7348f1c1ca997", size = 6646763, upload-time = "2026-05-18T23:35:11.459Z" },
    { url = "https://files.pythonhosted.org/packages/eb/0f/037e64c494b67581ae18193d770adef354c41f3f2c8ebf865602d949bf8f/numpy-2.4.6-cp313-cp313t-manylinux_2_27_aarch64.manylinux_2_28_aarch64.whl", hash = "sha256:f74a575920ab21fe304421a3fc28793d82e299cae9eccb37084e9fc7f3617c20", size = 15728070, upload-time = "2026-05-18T23:35:14.79Z" },
    { url = "https://files.pythonhosted.org/packages/21/a6/5d2bae9c9542eb4df16dc9c46dc79c186e9bad53805dfa5399a6023c6db0/numpy-2.4.6-cp313-cp313t-manylinux_2_27_x86_64.manylinux_2_28_x86_64.whl", hash = "sha256:ede83e07a75dd06bc501566c1eca2afc0d61677c1472ac9ad93fdee6e638a48d", size = 16681752, upload-time = "2026-05-18T23:35:18.836Z" },
    { url = "https://files.pythonhosted.org/packages/92/14/23d1dfb410ae362cd59ce53e936b1513d545eb40db3949ced632e19a459e/numpy-2.4.6-cp313-cp313t-musllinux_1_2_aarch64.whl", hash = "sha256:68bb27509ac1b9a3443094260f6326150663b06abe40b73a2f81160623da5b67", size = 17086024, upload-time = "2026-05-18T23:35:22.52Z" },
    { url = "https://files.pythonhosted.org/packages/4b/6e/23595a2c642cdf3bc567877064bdd7f91c8b0038a4453cf2daf7248eafe9/numpy-2.4.6-cp313-cp313t-musllinux_1_2_x86_64.whl", hash = "sha256:a0df0043bdb289bde1f62da130d20df23d58b45429f752bc7a8fc5325a225ecd", size = 18403398, upload-time = "2026-05-18T23:35:26.398Z" },
    { url = "https://files.pythonhosted.org/packages/8a/90/0ac3bc947217e66dec77e7cbc6a1979d1af70b6461b82f620d3bccd5e4c8/numpy-2.4.6-cp313-cp313t-win32.whl", hash = "sha256:29a287e0cf63ff528da061de6b9f64a4618da591ca1046aafc54062e40ca7eab", size = 6084971, upload-time = "2026-05-18T23:35:29.387Z" },
    { url = "https://files.pythonhosted.org/packages/77/71/5673e351671a1d2bd6063b91b44f70c0affea7d1516fa7a6572941ba4aa1/numpy-2.4.6-cp313-cp313t-win_amd64.whl", hash = "sha256:25c692919ac5a01f170a3bfcd62d745b24fd095c353d50812637d6fcab442e75", size = 12458532, upload-time = "2026-05-18T23:35:32.175Z" },
    { url = "https://files.pythonhosted.org/packages/3f/88/19d3503c5046e688f049274b27a3ef3d771152fa80d3ba3d01a3dff61abe/numpy-2.4.6-cp313-cp313t-win_arm64.whl", hash = "sha256:1e978ec1e8bd0e0e4de6bb75de9d30cbb74db6b6a2bb727618613703ca0167dd", size = 10291881, upload-time = "2026-05-18T23:35:35.465Z" },
    { url = "https://files.pythonhosted.org/packages/f8/91/3ab2044d05fd16d343c5ac2e69b127f1b2854040dd20b193257c78028bd3/numpy-2.4.6-cp314-cp314-macosx_10_15_x86_64.whl", hash = "sha256:06ca2f61ec4385a07a6977c55ba998a4466c123642b4a32694d3128fce18c079", size = 16683458, upload-time = "2026-05-18T23:35:38.353Z" },
    { url = "https://files.pythonhosted.org/packages/8e/62/764ce66fa4147ae6d73071a3abf804ffe606f174618697c571acdf26a7c9/numpy-2.4.6-cp314-cp314-macosx_11_0_arm64.whl", hash = "sha256:38efbc8de75c7a0fc1ac190162d892787f3f47b57cc291231aafee36b80982b7", size = 14704559, upload-time = "2026-05-18T23:35:42.14Z" },
    { url = "https://files.pythonhosted.org/packages/60/61/23f27c172f022e04025b7dc2367f4d63c1a398120607ec896228649a6f48/numpy-2.4.6-cp314-cp314-macosx_14_0_arm64.whl", hash = "sha256:d581b735e177fdcdce6fed8e7e8880a3fb6ee4e3653a3ac6af01c6f4c03effc5", size = 5209716, upload-time = "2026-05-18T23:35:45.377Z" },
    { url = "https://files.pythonhosted.org/packages/03/71/21cf70dc6ea3e3acb95fc53a265b2fc248b981f0194ceb5b475271b8809d/numpy-2.4.6-cp314-cp314-macosx_14_0_x86_64.whl", hash = "sha256:0a041d3d761dc3c35cc56ce0351506a02bcbc25f7b169f652435141a17db9096", size = 6543947, upload-time = "2026-05-18T23:35:47.926Z" },
    { url = "https://files.pythonhosted.org/packages/d5/91/64288395ee1799bd2e0b04a305dce9666da90c961e1f3fe982a05ee1c036/numpy-2.4.6-cp314-cp314-manylinux_2_27_aarch64.manylinux_2_28_aarch64.whl", hash = "sha256:40fdc1ae7125e518ea98e53e69a4ebc27e1fd50510c47b7ea130cf21e5e1d42b", size = 15685197, upload-time = "2026-05-18T23:35:50.863Z" },
    { url = "https://files.pythonhosted.org/packages/f3/eb/ebffaa97dc55502df69584a8f0dcf07f69a3e0b3e2323670a2722db9aa39/numpy-2.4.6-cp314-cp314-manylinux_2_27_x86_64.manylinux_2_28_x86_64.whl", hash = "sha256:a2c306dea656c12c68f51f4cea133cbe78ca7435eb28c735eac1d3ebe73be6e8", size = 16638245, upload-time = "2026-05-18T23:35:54.752Z" },
    { url = "https://files.pythonhosted.org/packages/b8/0b/54f9da33128d7e350fab89c7455902eeae70349ee52bddb448dc4a576f45/numpy-2.4.6-cp314-cp314-musllinux_1_2_aarch64.whl", hash = "sha256:33111801a01c12a8a1e3721f0a9232f8cfc8ae2c6b7098167e6f623c6073f402", size = 17036587, upload-time = "2026-05-18T23:35:58.355Z" },
    { url = "https://files.pythonhosted.org/packages/b6/f0/fdebc1052db1cc37c64beb22072d67cd6d1c71adca1299f53dec2b5e20d3/numpy-2.4.6-cp314-cp314-musllinux_1_2_x86_64.whl", hash = "sha256:ae506e6902902557576a26ff33eda8695e7ecb3cb36c3b573a0765dee114ebdb", size = 18363226, upload-time = "2026-05-18T23:36:02.845Z" },
    { url = "https://files.pythonhosted.org/packages/aa/b4/298628d98c72b57e57f7165ae6a481a1deaf6f3c28262a6e4c739c275930/numpy-2.4.6-cp314-cp314-win32.whl", hash = "sha256:aaf159caa35993cb1f56fb9b8e4610d35758e7ca005412eb1daa856a78c9c4b1", size = 6010196, upload-time = "2026-05-18T23:36:05.92Z" },
    { url = "https://files.pythonhosted.org/packages/df/ac/46de6dda46478f7942f839e094970be2d4a861e005c4b3bf07c92e291a09/numpy-2.4.6-cp314-cp314-win_amd64.whl", hash = "sha256:b507f5c4c1d508876d1819b6bf9a49d365b96320b5d4993426b33a23ca4b8261", size = 12450334, upload-time = "2026-05-18T23:36:09.107Z" },
    { url = "https://files.pythonhosted.org/packages/78/92/b8b798ac784102c0da830d2257d59358e3d3d90d1e2b3f2575dad976c5cf/numpy-2.4.6-cp314-cp314-win_arm64.whl", hash = "sha256:6f41ae150c4e32db4f3310cdaf64b1593a03dbabe29eec77fc9b50fe64061df6", size = 10495678, upload-time = "2026-05-18T23:36:12.766Z" },
    { url = "https://files.pythonhosted.org/packages/30/34/ec28d1aa8115971537c01469ab2011ee96827930f0a124de1000cc2a7ed7/numpy-2.4.6-cp314-cp314t-macosx_11_0_arm64.whl", hash = "sha256:ece3d2cfe132e7d51f44a832b303895e6f2d499c5e74dfbdb06ee246147a304a", size = 14823672, upload-time = "2026-05-18T23:36:16.473Z" },
    { url = "https://files.pythonhosted.org/packages/16/bd/f6d1fede4e54e8042a7ff97bb495510f3c220f94bcd9e8b228e87c92cc0d/numpy-2.4.6-cp314-cp314t-macosx_14_0_arm64.whl", hash = "sha256:e3e5193ef5a3dc73bceee50f7fdc2c90dbb76c42df8d8fae3d1067a583df579e", size = 5328731, upload-time = "2026-05-18T23:36:19.767Z" },
    { url = "https://files.pythonhosted.org/packages/f4/f0/e105b9e2fd728a9910103884decd6951d9dd73896b914a98d9a231de02ee/numpy-2.4.6-cp314-cp314t-macosx_14_0_x86_64.whl", hash = "sha256:17f9ade344e7d9b464a084d69bcf18fc691cb1db67c62ed80820bf4926d78f0e", size = 6649805, upload-time = "2026-05-18T23:36:22.266Z" },
    { url = "https://files.pythonhosted.org/packages/82/dd/1206a7ca6ab15e3f02069707ca96222e202af681bb73756da7527f3cb837/numpy-2.4.6-cp314-cp314t-manylinux_2_27_aarch64.manylinux_2_28_aarch64.whl", hash = "sha256:9cd5ffd25db4e7ba6a375693b3fc0fc1791ec636c17db3720da19bde7180ec43", size = 15730496, upload-time = "2026-05-18T23:36:25.713Z" },
    { url = "https://files.pythonhosted.org/packages/51/e7/38d3ea825dcab85a591734decb2f6c67caa7c8367d374df1a1c3842f9b07/numpy-2.4.6-cp314-cp314t-manylinux_2_27_x86_64.manylinux_2_28_x86_64.whl", hash = "sha256:7d92c3819208a60205a12a245c91ad70cb0a85336659b19b834205573ac8456e", size = 16679616, upload-time = "2026-05-18T23:36:29.652Z" },
    { url = "https://files.pythonhosted.org/packages/93/b7/caabfdf53edf663e0b4eb74d7d405d83baef09eb5e83bcd32d601d72b93e/numpy-2.4.6-cp314-cp314t-musllinux_1_2_aarch64.whl", hash = "sha256:e85b752a1e912b70eaad4fafbd4d1238007ab221de2009b9a2f5ae7461239895", size = 17085145, upload-time = "2026-05-18T23:36:33.449Z" },
    { url = "https://files.pythonhosted.org/packages/f9/45/68d7c33a6bcf3e5aa3bdbd57a367e6f615286dfd6482f97e8ffeb734306e/numpy-2.4.6-cp314-cp314t-musllinux_1_2_x86_64.whl", hash = "sha256:29cb7f67d10b479ff07c17d33e39f78c07f71c40ef30d63c153d340e96cd3fb4", size = 18403813, upload-time = "2026-05-18T23:36:37.369Z" },
    { url = "https://files.pythonhosted.org/packages/9c/50/0753655aa844c99cd9e018aacf76f130f1bd81d881bb74bc0aef5d73a8ba/numpy-2.4.6-cp314-cp314t-win32.whl", hash = "sha256:260a5d70215b61ab4fadf5c7baacd64821842975eea312125ed3c39a6391b063", size = 6156982, upload-time = "2026-05-18T23:36:40.817Z" },
    { url = "https://files.pythonhosted.org/packages/b2/d4/7c67becf668f973cb490cec3e98dfd799d866f9c989a54d355672cfa0db6/numpy-2.4.6-cp314-cp314t-win_amd64.whl", hash = "sha256:81a1cca95ed5bb92aa8b10dd2cdc9a0d3853a50fad926c28b5d7e8ea54389627", size = 12638908, upload-time = "2026-05-18T23:36:43.996Z" },
    { url = "https://files.pythonhosted.org/packages/43/bb/e1c71a4295b1b1d1393d50dbb4f2a36283c6859d9d3892e84f00ec5a91d5/numpy-2.4.6-cp314-cp314t-win_arm64.whl", hash = "sha256:0c9136e14ed34a9e343a31c533d78a9813a69a3148332bce5e9821cb2f996e66", size = 10565867, upload-time = "2026-05-18T23:36:47.114Z" },
]

[[package]]
name = "opencv-python"
version = "4.13.0.92"
source = { registry = "https://pypi.org/simple" }
dependencies = [
    { name = "numpy" },
]
wheels = [
    { url = "https://files.pythonhosted.org/packages/fc/6f/5a28fef4c4a382be06afe3938c64cc168223016fa520c5abaf37e8862aa5/opencv_python-4.13.0.92-cp37-abi3-macosx_13_0_arm64.whl", hash = "sha256:caf60c071ec391ba51ed00a4a920f996d0b64e3e46068aac1f646b5de0326a19", size = 46247052, upload-time = "2026-02-05T07:01:25.046Z" },
    { url = "https://files.pythonhosted.org/packages/08/ac/6c98c44c650b8114a0fb901691351cfb3956d502e8e9b5cd27f4ee7fbf2f/opencv_python-4.13.0.92-cp37-abi3-macosx_14_0_x86_64.whl", hash = "sha256:5868a8c028a0b37561579bfb8ac1875babdc69546d236249fff296a8c010ccf9", size = 32568781, upload-time = "2026-02-05T07:01:41.379Z" },
    { url = "https://files.pythonhosted.org/packages/3e/51/82fed528b45173bf629fa44effb76dff8bc9f4eeaee759038362dfa60237/opencv_python-4.13.0.92-cp37-abi3-manylinux2014_aarch64.manylinux_2_17_aarch64.whl", hash = "sha256:0bc2596e68f972ca452d80f444bc404e08807d021fbba40df26b61b18e01838a", size = 47685527, upload-time = "2026-02-05T06:59:11.24Z" },
    { url = "https://files.pythonhosted.org/packages/db/07/90b34a8e2cf9c50fe8ed25cac9011cde0676b4d9d9c973751ac7616223a2/opencv_python-4.13.0.92-cp37-abi3-manylinux2014_x86_64.manylinux_2_17_x86_64.whl", hash = "sha256:402033cddf9d294693094de5ef532339f14ce821da3ad7df7c9f6e8316da32cf", size = 70460872, upload-time = "2026-02-05T06:59:19.162Z" },
    { url = "https://files.pythonhosted.org/packages/02/6d/7a9cc719b3eaf4377b9c2e3edeb7ed3a81de41f96421510c0a169ca3cfd4/opencv_python-4.13.0.92-cp37-abi3-manylinux_2_28_aarch64.whl", hash = "sha256:bccaabf9eb7f897ca61880ce2869dcd9b25b72129c28478e7f2a5e8dee945616", size = 46708208, upload-time = "2026-02-05T06:59:15.419Z" },
    { url = "https://files.pythonhosted.org/packages/fd/55/b3b49a1b97aabcfbbd6c7326df9cb0b6fa0c0aefa8e89d500939e04aa229/opencv_python-4.13.0.92-cp37-abi3-manylinux_2_28_x86_64.whl", hash = "sha256:620d602b8f7d8b8dab5f4b99c6eb353e78d3fb8b0f53db1bd258bb1aa001c1d5", size = 72927042, upload-time = "2026-02-05T06:59:23.389Z" },
    { url = "https://files.pythonhosted.org/packages/fb/17/de5458312bcb07ddf434d7bfcb24bb52c59635ad58c6e7c751b48949b009/opencv_python-4.13.0.92-cp37-abi3-win32.whl", hash = "sha256:372fe164a3148ac1ca51e5f3ad0541a4a276452273f503441d718fab9c5e5f59", size = 30932638, upload-time = "2026-02-05T07:02:14.98Z" },
    { url = "https://files.pythonhosted.org/packages/e9/a5/1be1516390333ff9be3a9cb648c9f33df79d5096e5884b5df71a588af463/opencv_python-4.13.0.92-cp37-abi3-win_amd64.whl", hash = "sha256:423d934c9fafb91aad38edf26efb46da91ffbc05f3f59c4b0c72e699720706f5", size = 40212062, upload-time = "2026-02-05T07:02:12.724Z" },
]

[[package]]
name = "python-dateutil"
version = "2.9.0.post0"
source = { registry = "https://pypi.org/simple" }
dependencies = [
    { name = "six" },
]
sdist = { url = "https://files.pythonhosted.org/packages/66/c0/0c8b6ad9f17a802ee498c46e004a0eb49bc148f2fd230864601a86dcf6db/python-dateutil-2.9.0.post0.tar.gz", hash = "sha256:37dd54208da7e1cd875388217d5e00ebd4179249f90fb72437e91a35459a0ad3", size = 342432, upload-time = "2024-03-01T18:36:20.211Z" }
wheels = [
    { url = "https://files.pythonhosted.org/packages/ec/57/56b9bcc3c9c6a792fcbaf139543cee77261f3651ca9da0c93f5c1221264b/python_dateutil-2.9.0.post0-py2.py3-none-any.whl", hash = "sha256:a8b2bc7bffae282281c8140a97d3aa9c14da0b136dfe83f850eea9a5f7470427", size = 229892, upload-time = "2024-03-01T18:36:18.57Z" },
]

[[package]]
name = "s3transfer"
version = "0.18.0"
source = { registry = "https://pypi.org/simple" }
dependencies = [
    { name = "botocore" },
]
sdist = { url = "https://files.pythonhosted.org/packages/e0/1f/12417f7f493fc45e1f9fd5d4a9b6c125cf8d2cf3f8ddbdfab3e76406e9d6/s3transfer-0.18.0.tar.gz", hash = "sha256:3760b8b7ec1315da54048b2d626276732bee4300d054d492d4e1d43e20d4ecbd", size = 160560, upload-time = "2026-05-28T19:39:09.124Z" }
wheels = [
    { url = "https://files.pythonhosted.org/packages/2b/58/a58fc997655386daa2e25784e30c288aa3e3819e401f77029ee4899fb55a/s3transfer-0.18.0-py3-none-any.whl", hash = "sha256:239c13b09e65ad0346e1be7348b8a202dcad44ac7ea7c6eb858fc881dce739b6", size = 88572, upload-time = "2026-05-28T19:39:07.999Z" },
]

[[package]]
name = "six"
version = "1.17.0"
source = { registry = "https://pypi.org/simple" }
sdist = { url = "https://files.pythonhosted.org/packages/94/e7/b2c673351809dca68a0e064b6af791aa332cf192da575fd474ed7d6f16a2/six-1.17.0.tar.gz", hash = "sha256:ff70335d468e7eb6ec65b95b99d3a2836546063f63acc5171de367e834932a81", size = 34031, upload-time = "2024-12-04T17:35:28.174Z" }
wheels = [
    { url = "https://files.pythonhosted.org/packages/b7/ce/149a00dd41f10bc29e5921b496af8b574d8413afcd5e30dfa0ed46c2cc5e/six-1.17.0-py2.py3-none-any.whl", hash = "sha256:4721f391ed90541fddacab5acf947aa0d3dc7d27b2e1e8eda2be8970586c3274", size = 11050, upload-time = "2024-12-04T17:35:26.475Z" },
]

[[package]]
name = "urllib3"
version = "2.7.0"
source = { registry = "https://pypi.org/simple" }
sdist = { url = "https://files.pythonhosted.org/packages/53/0c/06f8b233b8fd13b9e5ee11424ef85419ba0d8ba0b3138bf360be2ff56953/urllib3-2.7.0.tar.gz", hash = "sha256:231e0ec3b63ceb14667c67be60f2f2c40a518cb38b03af60abc813da26505f4c", size = 433602, upload-time = "2026-05-07T16:13:18.596Z" }
wheels = [
    { url = "https://files.pythonhosted.org/packages/7f/3e/5db95bcf282c52709639744ca2a8b149baccf648e39c8cc87553df9eae0c/urllib3-2.7.0-py3-none-any.whl", hash = "sha256:9fb4c81ebbb1ce9531cce37674bbc6f1360472bc18ca9a553ede278ef7276897", size = 131087, upload-time = "2026-05-07T16:13:17.151Z" },
]
